
Microsoft Visual Studio Solution File, Format Version 12.00
# Visual Studio Version 16
VisualStudioVersion = 16.0.32602.291
MinimumVisualStudioVersion = 10.0.40219.1
Project("{FAE04EC0-301F-11D3-BF4B-00C04F79EFBC}") = "Kurs", "Kurs\Kurs.csproj", "{9720C9FB-3D5D-43F5-B219-3057B7DF4CBF}"
EndProject
Global
	GlobalSection(SolutionConfigurationPlatforms) = preSolution
		Debug|Any CPU = Debug|Any CPU
		Release|Any CPU = Release|Any CPU
	EndGlobalSection
	GlobalSection(ProjectConfigurationPlatforms) = postSolution
		{9720C9FB-3D5D-43F5-B219-3057B7DF4CBF}.Debug|Any CPU.ActiveCfg = Debug|Any CPU
		{9720C9FB-3D5D-43F5-B219-3057B7DF4CBF}.Debug|Any CPU.Build.0 = Debug|Any CPU
		{9720C9FB-3D5D-43F5-B219-3057B7DF4CBF}.Release|Any CPU.ActiveCfg = Release|Any CPU
		{9720C9FB-3D5D-43F5-B219-3057B7DF4CBF}.Release|Any CPU.Build.0 = Release|Any CPU
	EndGlobalSection
	GlobalSection(SolutionProperties) = preSolution
		HideSolutionNode = FALSE
	EndGlobalSection
	GlobalSection(ExtensibilityGlobals) = postSolution
		SolutionGuid = {2A3DF79F-50AB-4483-81F6-F7BC8342A460}
	EndGlobalSection
EndGlobal
